
Microsoft Visual Studio Solution File, Format Version 12.00
# Visual Studio Version 17
VisualStudioVersion = 17.0.31903.59
MinimumVisualStudioVersion = 10.0.40219.1
Project("{FAE04EC0-301F-11D3-BF4B-00C04F79EFBC}") = "HowManyOfThisType", "HowManyOfThisType\HowManyOfThisType.csproj", "{99F598A2-27F9-46FE-A449-7E7D31FD6BCB}"
EndProject
Project("{FAE04EC0-301F-11D3-BF4B-00C04F79EFBC}") = "TheyCameBefore", "TheyCameBefore\TheyCameBefore.csproj", "{C2C81082-1100-428E-8871-EAD77EF1A07A}"
EndProject
Project("{FAE04EC0-301F-11D3-BF4B-00C04F79EFBC}") = "MyGenericClass", "MyGenericClass\MyGenericClass.csproj", "{CFFA8483-2E90-4952-B626-5356E733CB43}"
EndProject
Project("{FAE04EC0-301F-11D3-BF4B-00C04F79EFBC}") = "MyEnumerable", "MyEnumerable\MyEnumerable.csproj", "{3A4FCA14-A507-48BF-A87F-FC2C513B9113}"
EndProject
Global
	GlobalSection(SolutionConfigurationPlatforms) = preSolution
		Debug|Any CPU = Debug|Any CPU
		Release|Any CPU = Release|Any CPU
	EndGlobalSection
	GlobalSection(SolutionProperties) = preSolution
		HideSolutionNode = FALSE
	EndGlobalSection
	GlobalSection(ProjectConfigurationPlatforms) = postSolution
		{99F598A2-27F9-46FE-A449-7E7D31FD6BCB}.Debug|Any CPU.ActiveCfg = Debug|Any CPU
		{99F598A2-27F9-46FE-A449-7E7D31FD6BCB}.Debug|Any CPU.Build.0 = Debug|Any CPU
		{99F598A2-27F9-46FE-A449-7E7D31FD6BCB}.Release|Any CPU.ActiveCfg = Release|Any CPU
		{99F598A2-27F9-46FE-A449-7E7D31FD6BCB}.Release|Any CPU.Build.0 = Release|Any CPU
		{C2C81082-1100-428E-8871-EAD77EF1A07A}.Debug|Any CPU.ActiveCfg = Debug|Any CPU
		{C2C81082-1100-428E-8871-EAD77EF1A07A}.Debug|Any CPU.Build.0 = Debug|Any CPU
		{C2C81082-1100-428E-8871-EAD77EF1A07A}.Release|Any CPU.ActiveCfg = Release|Any CPU
		{C2C81082-1100-428E-8871-EAD77EF1A07A}.Release|Any CPU.Build.0 = Release|Any CPU
		{CFFA8483-2E90-4952-B626-5356E733CB43}.Debug|Any CPU.ActiveCfg = Debug|Any CPU
		{CFFA8483-2E90-4952-B626-5356E733CB43}.Debug|Any CPU.Build.0 = Debug|Any CPU
		{CFFA8483-2E90-4952-B626-5356E733CB43}.Release|Any CPU.ActiveCfg = Release|Any CPU
		{CFFA8483-2E90-4952-B626-5356E733CB43}.Release|Any CPU.Build.0 = Release|Any CPU
		{3A4FCA14-A507-48BF-A87F-FC2C513B9113}.Debug|Any CPU.ActiveCfg = Debug|Any CPU
		{3A4FCA14-A507-48BF-A87F-FC2C513B9113}.Debug|Any CPU.Build.0 = Debug|Any CPU
		{3A4FCA14-A507-48BF-A87F-FC2C513B9113}.Release|Any CPU.ActiveCfg = Release|Any CPU
		{3A4FCA14-A507-48BF-A87F-FC2C513B9113}.Release|Any CPU.Build.0 = Release|Any CPU
	EndGlobalSection
EndGlobal
